
Microsoft Visual Studio Solution File, Format Version 12.00
# Visual Studio Version 16
VisualStudioVersion = 16.0.31702.278
MinimumVisualStudioVersion = 10.0.40219.1
Project("{FAE04EC0-301F-11D3-BF4B-00C04F79EFBC}") = "MusicPlayer.Android", "MusicPlayer\MusicPlayer.Android\MusicPlayer.Android.csproj", "{F4398449-5479-4FDC-8CCD-2E8078400F80}"
EndProject
Project("{FAE04EC0-301F-11D3-BF4B-00C04F79EFBC}") = "MusicPlayer.iOS", "MusicPlayer\MusicPlayer.iOS\MusicPlayer.iOS.csproj", "{A32C1DE5-F86E-4633-9550-43E511218886}"
EndProject
Project("{FAE04EC0-301F-11D3-BF4B-00C04F79EFBC}") = "MusicPlayer", "MusicPlayer\MusicPlayer\MusicPlayer.csproj", "{1684E07E-B5D5-4E89-9DE5-56F12EB19B04}"
EndProject
Global
	GlobalSection(SolutionConfigurationPlatforms) = preSolution
		Debug|Any CPU = Debug|Any CPU
		Debug|iPhone = Debug|iPhone
		Debug|iPhoneSimulator = Debug|iPhoneSimulator
		Release|Any CPU = Release|Any CPU
		Release|iPhone = Release|iPhone
		Release|iPhoneSimulator = Release|iPhoneSimulator
	EndGlobalSection
	GlobalSection(ProjectConfigurationPlatforms) = postSolution
		{F4398449-5479-4FDC-8CCD-2E8078400F80}.Debug|Any CPU.ActiveCfg = Debug|Any CPU
		{F4398449-5479-4FDC-8CCD-2E8078400F80}.Debug|Any CPU.Build.0 = Debug|Any CPU
		{F4398449-5479-4FDC-8CCD-2E8078400F80}.Debug|Any CPU.Deploy.0 = Debug|Any CPU
		{F4398449-5479-4FDC-8CCD-2E8078400F80}.Debug|iPhone.ActiveCfg = Debug|Any CPU
		{F4398449-5479-4FDC-8CCD-2E8078400F80}.Debug|iPhone.Build.0 = Debug|Any CPU
		{F4398449-5479-4FDC-8CCD-2E8078400F80}.Debug|iPhone.Deploy.0 = Debug|Any CPU
		{F4398449-5479-4FDC-8CCD-2E8078400F80}.Debug|iPhoneSimulator.ActiveCfg = Debug|Any CPU
		{F4398449-5479-4FDC-8CCD-2E8078400F80}.Debug|iPhoneSimulator.Build.0 = Debug|Any CPU
		{F4398449-5479-4FDC-8CCD-2E8078400F80}.Debug|iPhoneSimulator.Deploy.0 = Debug|Any CPU
		{F4398449-5479-4FDC-8CCD-2E8078400F80}.Release|Any CPU.ActiveCfg = Release|Any CPU
		{F4398449-5479-4FDC-8CCD-2E8078400F80}.Release|Any CPU.Build.0 = Release|Any CPU
		{F4398449-5479-4FDC-8CCD-2E8078400F80}.Release|Any CPU.Deploy.0 = Release|Any CPU
		{F4398449-5479-4FDC-8CCD-2E8078400F80}.Release|iPhone.ActiveCfg = Release|Any CPU
		{F4398449-5479-4FDC-8CCD-2E8078400F80}.Release|iPhone.Build.0 = Release|Any CPU
		{F4398449-5479-4FDC-8CCD-2E8078400F80}.Release|iPhone.Deploy.0 = Release|Any CPU
		{F4398449-5479-4FDC-8CCD-2E8078400F80}.Release|iPhoneSimulator.ActiveCfg = Release|Any CPU
		{F4398449-5479-4FDC-8CCD-2E8078400F80}.Release|iPhoneSimulator.Build.0 = Release|Any CPU
		{F4398449-5479-4FDC-8CCD-2E8078400F80}.Release|iPhoneSimulator.Deploy.0 = Release|Any CPU
		{A32C1DE5-F86E-4633-9550-43E511218886}.Debug|Any CPU.ActiveCfg = Debug|iPhone
		{A32C1DE5-F86E-4633-9550-43E511218886}.Debug|Any CPU.Build.0 = Debug|iPhone
		{A32C1DE5-F86E-4633-9550-43E511218886}.Debug|Any CPU.Deploy.0 = Debug|iPhone
		{A32C1DE5-F86E-4633-9550-43E511218886}.Debug|iPhone.ActiveCfg = Debug|iPhone
		{A32C1DE5-F86E-4633-9550-43E511218886}.Debug|iPhone.Build.0 = Debug|iPhone
		{A32C1DE5-F86E-4633-9550-43E511218886}.Debug|iPhone.Deploy.0 = Debug|iPhone
		{A32C1DE5-F86E-4633-9550-43E511218886}.Debug|iPhoneSimulator.ActiveCfg = Debug|iPhoneSimulator
		{A32C1DE5-F86E-4633-9550-43E511218886}.Debug|iPhoneSimulator.Build.0 = Debug|iPhoneSimulator
		{A32C1DE5-F86E-4633-9550-43E511218886}.Debug|iPhoneSimulator.Deploy.0 = Debug|iPhoneSimulator
		{A32C1DE5-F86E-4633-9550-43E511218886}.Release|Any CPU.ActiveCfg = Release|iPhoneSimulator
		{A32C1DE5-F86E-4633-9550-43E511218886}.Release|Any CPU.Build.0 = Release|iPhoneSimulator
		{A32C1DE5-F86E-4633-9550-43E511218886}.Release|Any CPU.Deploy.0 = Release|iPhoneSimulator
		{A32C1DE5-F86E-4633-9550-43E511218886}.Release|iPhone.ActiveCfg = Release|iPhone
		{A32C1DE5-F86E-4633-9550-43E511218886}.Release|iPhone.Build.0 = Release|iPhone
		{A32C1DE5-F86E-4633-9550-43E511218886}.Release|iPhone.Deploy.0 = Release|iPhone
		{A32C1DE5-F86E-4633-9550-43E511218886}.Release|iPhoneSimulator.ActiveCfg = Release|iPhoneSimulator
		{A32C1DE5-F86E-4633-9550-43E511218886}.Release|iPhoneSimulator.Build.0 = Release|iPhoneSimulator
		{A32C1DE5-F86E-4633-9550-43E511218886}.Release|iPhoneSimulator.Deploy.0 = Release|iPhoneSimulator
		{1684E07E-B5D5-4E89-9DE5-56F12EB19B04}.Debug|Any CPU.ActiveCfg = Debug|Any CPU
		{1684E07E-B5D5-4E89-9DE5-56F12EB19B04}.Debug|Any CPU.Build.0 = Debug|Any CPU
		{1684E07E-B5D5-4E89-9DE5-56F12EB19B04}.Debug|Any CPU.Deploy.0 = Debug|Any CPU
		{1684E07E-B5D5-4E89-9DE5-56F12EB19B04}.Debug|iPhone.ActiveCfg = Debug|Any CPU
		{1684E07E-B5D5-4E89-9DE5-56F12EB19B04}.Debug|iPhone.Build.0 = Debug|Any CPU
		{1684E07E-B5D5-4E89-9DE5-56F12EB19B04}.Debug|iPhone.Deploy.0 = Debug|Any CPU
		{1684E07E-B5D5-4E89-9DE5-56F12EB19B04}.Debug|iPhoneSimulator.ActiveCfg = Debug|Any CPU
		{1684E07E-B5D5-4E89-9DE5-56F12EB19B04}.Debug|iPhoneSimulator.Build.0 = Debug|Any CPU
		{1684E07E-B5D5-4E89-9DE5-56F12EB19B04}.Debug|iPhoneSimulator.Deploy.0 = Debug|Any CPU
		{1684E07E-B5D5-4E89-9DE5-56F12EB19B04}.Release|Any CPU.ActiveCfg = Release|Any CPU
		{1684E07E-B5D5-4E89-9DE5-56F12EB19B04}.Release|Any CPU.Build.0 = Release|Any CPU
		{1684E07E-B5D5-4E89-9DE5-56F12EB19B04}.Release|Any CPU.Deploy.0 = Release|Any CPU
		{1684E07E-B5D5-4E89-9DE5-56F12EB19B04}.Release|iPhone.ActiveCfg = Release|Any CPU
		{1684E07E-B5D5-4E89-9DE5-56F12EB19B04}.Release|iPhone.Build.0 = Release|Any CPU
		{1684E07E-B5D5-4E89-9DE5-56F12EB19B04}.Release|iPhone.Deploy.0 = Release|Any CPU
		{1684E07E-B5D5-4E89-9DE5-56F12EB19B04}.Release|iPhoneSimulator.ActiveCfg = Release|Any CPU
		{1684E07E-B5D5-4E89-9DE5-56F12EB19B04}.Release|iPhoneSimulator.Build.0 = Release|Any CPU
		{1684E07E-B5D5-4E89-9DE5-56F12EB19B04}.Release|iPhoneSimulator.Deploy.0 = Release|Any CPU
	EndGlobalSection
	GlobalSection(SolutionProperties) = preSolution
		HideSolutionNode = FALSE
	EndGlobalSection
	GlobalSection(ExtensibilityGlobals) = postSolution
		SolutionGuid = {A1C8A1E4-D8A7-4AF8-BC23-8B343FDE174D}
	EndGlobalSection
EndGlobal
